
Microsoft Visual Studio Solution File, Format Version 11.00
# Visual Studio 2010
Project("{FAE04EC0-301F-11D3-BF4B-00C04F79EFBC}") = "RudeValidation", "RudeValidation\RudeValidation.csproj", "{D8A2C88B-94D5-41FE-98AE-5E9717E64491}"
	ProjectSection(ProjectDependencies) = postProject
		{44763CE3-094D-419F-8F06-0040CBACB538} = {44763CE3-094D-419F-8F06-0040CBACB538}
	EndProjectSection
EndProject
Project("{FAE04EC0-301F-11D3-BF4B-00C04F79EFBC}") = "RudeValidation.Web", "RudeValidation.Web\RudeValidation.Web.csproj", "{44763CE3-094D-419F-8F06-0040CBACB538}"
EndProject
Global
	GlobalSection(SolutionConfigurationPlatforms) = preSolution
		Debug|Any CPU = Debug|Any CPU
		Release|Any CPU = Release|Any CPU
	EndGlobalSection
	GlobalSection(ProjectConfigurationPlatforms) = postSolution
		{D8A2C88B-94D5-41FE-98AE-5E9717E64491}.Debug|Any CPU.ActiveCfg = Debug|Any CPU
		{D8A2C88B-94D5-41FE-98AE-5E9717E64491}.Debug|Any CPU.Build.0 = Debug|Any CPU
		{D8A2C88B-94D5-41FE-98AE-5E9717E64491}.Release|Any CPU.ActiveCfg = Release|Any CPU
		{D8A2C88B-94D5-41FE-98AE-5E9717E64491}.Release|Any CPU.Build.0 = Release|Any CPU
		{44763CE3-094D-419F-8F06-0040CBACB538}.Debug|Any CPU.ActiveCfg = Debug|Any CPU
		{44763CE3-094D-419F-8F06-0040CBACB538}.Debug|Any CPU.Build.0 = Debug|Any CPU
		{44763CE3-094D-419F-8F06-0040CBACB538}.Release|Any CPU.ActiveCfg = Release|Any CPU
		{44763CE3-094D-419F-8F06-0040CBACB538}.Release|Any CPU.Build.0 = Release|Any CPU
	EndGlobalSection
	GlobalSection(SolutionProperties) = preSolution
		HideSolutionNode = FALSE
	EndGlobalSection
EndGlobal
